// !$*UTF8*$!
{
	archiveVersion = 1;
	classes = {
	};
	objectVersion = 51;
	objects = {

/* Begin PBXBuildFile section */
		5A5201CA24BCD9E2002CC912 /* AppDelegate.swift in Sources */ = {isa = PBXBuildFile; fileRef = 5A5201C924BCD9E2002CC912 /* AppDelegate.swift */; };
		5A5201CC24BCD9E2002CC912 /* SceneDelegate.swift in Sources */ = {isa = PBXBuildFile; fileRef = 5A5201CB24BCD9E2002CC912 /* SceneDelegate.swift */; };
		5A5201CE24BCD9E2002CC912 /* ViewController.swift in Sources */ = {isa = PBXBuildFile; fileRef = 5A5201CD24BCD9E2002CC912 /* ViewController.swift */; };
		5A5201D124BCD9E3002CC912 /* Main.storyboard in Resources */ = {isa = PBXBuildFile; fileRef = 5A5201CF24BCD9E3002CC912 /* Main.storyboard */; };
		5A5201D324BCDA0C002CC912 /* Assets.xcassets in Resources */ = {isa = PBXBuildFile; fileRef = 5A5201D224BCDA0C002CC912 /* Assets.xcassets */; };
		5A5201D624BCDA0C002CC912 /* LaunchScreen.storyboard in Resources */ = {isa = PBXBuildFile; fileRef = 5A5201D424BCDA0C002CC912 /* LaunchScreen.storyboard */; };
		5A5201DE24BCE9B7002CC912 /* ClassModel.swift in Sources */ = {isa = PBXBuildFile; fileRef = 5A5201DD24BCE9B7002CC912 /* ClassModel.swift */; };
		5A5201E024BDB7B7002CC912 /* ClassModelTableViewCell.swift in Sources */ = {isa = PBXBuildFile; fileRef = 5A5201DF24BDB7B7002CC912 /* ClassModelTableViewCell.swift */; };
		5A5201E224BE21D3002CC912 /* SchoolListTableViewCell.swift in Sources */ = {isa = PBXBuildFile; fileRef = 5A5201E124BE21D3002CC912 /* SchoolListTableViewCell.swift */; };
		5A5201E424BE22A7002CC912 /* StudentsListViewController.swift in Sources */ = {isa = PBXBuildFile; fileRef = 5A5201E324BE22A7002CC912 /* StudentsListViewController.swift */; };
		5A8D504424BEED5C00812100 /* MapViewController.swift in Sources */ = {isa = PBXBuildFile; fileRef = 5A8D504324BEED5C00812100 /* MapViewController.swift */; };
		6A436BDABF1ECC2C9CE43E7F /* Pods_Hurrey_Assignment.framework in Frameworks */ = {isa = PBXBuildFile; fileRef = 2639AC58BFD3025D8B23D473 /* Pods_Hurrey_Assignment.framework */; };
/* End PBXBuildFile section */

/* Begin PBXFileReference section */
		2639AC58BFD3025D8B23D473 /* Pods_Hurrey_Assignment.framework */ = {isa = PBXFileReference; explicitFileType = wrapper.framework; includeInIndex = 0; path = Pods_Hurrey_Assignment.framework; sourceTree = BUILT_PRODUCTS_DIR; };
		5A5201C624BCD9E2002CC912 /* Hurrey_Assignment.app */ = {isa = PBXFileReference; explicitFileType = wrapper.application; includeInIndex = 0; path = Hurrey_Assignment.app; sourceTree = BUILT_PRODUCTS_DIR; };
		5A5201C924BCD9E2002CC912 /* AppDelegate.swift */ = {isa = PBXFileReference; lastKnownFileType = sourcecode.swift; path = AppDelegate.swift; sourceTree = "<group>"; };
		5A5201CB24BCD9E2002CC912 /* SceneDelegate.swift */ = {isa = PBXFileReference; lastKnownFileType = sourcecode.swift; path = SceneDelegate.swift; sourceTree = "<group>"; };
		5A5201CD24BCD9E2002CC912 /* ViewController.swift */ = {isa = PBXFileReference; lastKnownFileType = sourcecode.swift; path = ViewController.swift; sourceTree = "<group>"; };
		5A5201D024BCD9E3002CC912 /* Base */ = {isa = PBXFileReference; lastKnownFileType = file.storyboard; name = Base; path = Base.lproj/Main.storyboard; sourceTree = "<group>"; };
		5A5201D224BCDA0C002CC912 /* Assets.xcassets */ = {isa = PBXFileReference; lastKnownFileType = folder.assetcatalog; path = Assets.xcassets; sourceTree = "<group>"; };
		5A5201D524BCDA0C002CC912 /* Base */ = {isa = PBXFileReference; lastKnownFileType = file.storyboard; name = Base; path = Base.lproj/LaunchScreen.storyboard; sourceTree = "<group>"; };
		5A5201D724BCDA0C002CC912 /* Info.plist */ = {isa = PBXFileReference; lastKnownFileType = text.plist.xml; path = Info.plist; sourceTree = "<group>"; };
		5A5201DD24BCE9B7002CC912 /* ClassModel.swift */ = {isa = PBXFileReference; lastKnownFileType = sourcecode.swift; path = ClassModel.swift; sourceTree = "<group>"; };
		5A5201DF24BDB7B7002CC912 /* ClassModelTableViewCell.swift */ = {isa = PBXFileReference; lastKnownFileType = sourcecode.swift; path = ClassModelTableViewCell.swift; sourceTree = "<group>"; };
		5A5201E124BE21D3002CC912 /* SchoolListTableViewCell.swift */ = {isa = PBXFileReference; lastKnownFileType = sourcecode.swift; path = SchoolListTableViewCell.swift; sourceTree = "<group>"; };
		5A5201E324BE22A7002CC912 /* StudentsListViewController.swift */ = {isa = PBXFileReference; lastKnownFileType = sourcecode.swift; path = StudentsListViewController.swift; sourceTree = "<group>"; };
		5A8D504324BEED5C00812100 /* MapViewController.swift */ = {isa = PBXFileReference; lastKnownFileType = sourcecode.swift; path = MapViewController.swift; sourceTree = "<group>"; };
		80467140226514B6188347C5 /* Pods-Hurrey_Assignment.debug.xcconfig */ = {isa = PBXFileReference; includeInIndex = 1; lastKnownFileType = text.xcconfig; name = "Pods-Hurrey_Assignment.debug.xcconfig"; path = "Target Support Files/Pods-Hurrey_Assignment/Pods-Hurrey_Assignment.debug.xcconfig"; sourceTree = "<group>"; };
		EA325D6442D332233F20A905 /* Pods-Hurrey_Assignment.release.xcconfig */ = {isa = PBXFileReference; includeInIndex = 1; lastKnownFileType = text.xcconfig; name = "Pods-Hurrey_Assignment.release.xcconfig"; path = "Target Support Files/Pods-Hurrey_Assignment/Pods-Hurrey_Assignment.release.xcconfig"; sourceTree = "<group>"; };
/* End PBXFileReference section */

/* Begin PBXFrameworksBuildPhase section */
		5A5201C324BCD9E2002CC912 /* Frameworks */ = {
			isa = PBXFrameworksBuildPhase;
			buildActionMask = 2147483647;
			files = (
				6A436BDABF1ECC2C9CE43E7F /* Pods_Hurrey_Assignment.framework in Frameworks */,
			);
			runOnlyForDeploymentPostprocessing = 0;
		};
/* End PBXFrameworksBuildPhase section */

/* Begin PBXGroup section */
		198394BAB0BA8AB04C30B45F /* Pods */ = {
			isa = PBXGroup;
			children = (
				80467140226514B6188347C5 /* Pods-Hurrey_Assignment.debug.xcconfig */,
				EA325D6442D332233F20A905 /* Pods-Hurrey_Assignment.release.xcconfig */,
			);
			path = Pods;
			sourceTree = "<group>";
		};
		413BB628E4AF303C59CF989D /* Frameworks */ = {
			isa = PBXGroup;
			children = (
				2639AC58BFD3025D8B23D473 /* Pods_Hurrey_Assignment.framework */,
			);
			name = Frameworks;
			sourceTree = "<group>";
		};
		5A5201BD24BCD9E2002CC912 = {
			isa = PBXGroup;
			children = (
				5A5201C824BCD9E2002CC912 /* Hurrey_Assignment */,
				5A5201C724BCD9E2002CC912 /* Products */,
				198394BAB0BA8AB04C30B45F /* Pods */,
				413BB628E4AF303C59CF989D /* Frameworks */,
			);
			sourceTree = "<group>";
		};
		5A5201C724BCD9E2002CC912 /* Products */ = {
			isa = PBXGroup;
			children = (
				5A5201C624BCD9E2002CC912 /* Hurrey_Assignment.app */,
			);
			name = Products;
			sourceTree = "<group>";
		};
		5A5201C824BCD9E2002CC912 /* Hurrey_Assignment */ = {
			isa = PBXGroup;
			children = (
				5A5201C924BCD9E2002CC912 /* AppDelegate.swift */,
				5A5201CB24BCD9E2002CC912 /* SceneDelegate.swift */,
				5A8D504524BF179C00812100 /* ViewControllers */,
				5A8D504624BF17C000812100 /* Views */,
				5A8D504724BF1D8B00812100 /* Model */,
				5A5201CF24BCD9E3002CC912 /* Main.storyboard */,
				5A5201D224BCDA0C002CC912 /* Assets.xcassets */,
				5A5201D424BCDA0C002CC912 /* LaunchScreen.storyboard */,
				5A5201D724BCDA0C002CC912 /* Info.plist */,
			);
			path = Hurrey_Assignment;
			sourceTree = "<group>";
		};
		5A8D504524BF179C00812100 /* ViewControllers */ = {
			isa = PBXGroup;
			children = (
				5A5201CD24BCD9E2002CC912 /* ViewController.swift */,
				5A5201E324BE22A7002CC912 /* StudentsListViewController.swift */,
				5A8D504324BEED5C00812100 /* MapViewController.swift */,
			);
			path = ViewControllers;
			sourceTree = "<group>";
		};
		5A8D504624BF17C000812100 /* Views */ = {
			isa = PBXGroup;
			children = (
				5A5201DF24BDB7B7002CC912 /* ClassModelTableViewCell.swift */,
				5A5201E124BE21D3002CC912 /* SchoolListTableViewCell.swift */,
			);
			path = Views;
			sourceTree = "<group>";
		};
		5A8D504724BF1D8B00812100 /* Model */ = {
			isa = PBXGroup;
			children = (
				5A5201DD24BCE9B7002CC912 /* ClassModel.swift */,
			);
			path = Model;
			sourceTree = "<group>";
		};
/* End PBXGroup section */

/* Begin PBXNativeTarget section */
		5A5201C524BCD9E2002CC912 /* Hurrey_Assignment */ = {
			isa = PBXNativeTarget;
			buildConfigurationList = 5A5201DA24BCDA0C002CC912 /* Build configuration list for PBXNativeTarget "Hurrey_Assignment" */;
			buildPhases = (
				467E297E0A3AFDFC20B9964C /* [CP] Check Pods Manifest.lock */,
				5A5201C224BCD9E2002CC912 /* Sources */,
				5A5201C324BCD9E2002CC912 /* Frameworks */,
				5A5201C424BCD9E2002CC912 /* Resources */,
				D456E7115FEF1F0C36C4637D /* [CP] Copy Pods Resources */,
			);
			buildRules = (
			);
			dependencies = (
			);
			name = Hurrey_Assignment;
			productName = Hurrey_Assignment;
			productReference = 5A5201C624BCD9E2002CC912 /* Hurrey_Assignment.app */;
			productType = "com.apple.product-type.application";
		};
/* End PBXNativeTarget section */

/* Begin PBXProject section */
		5A5201BE24BCD9E2002CC912 /* Project object */ = {
			isa = PBXProject;
			attributes = {
				LastSwiftUpdateCheck = 1130;
				LastUpgradeCheck = 1130;
				ORGANIZATIONNAME = "Nuthan Raju Pesala";
				TargetAttributes = {
					5A5201C524BCD9E2002CC912 = {
						CreatedOnToolsVersion = 11.3;
					};
				};
			};
			buildConfigurationList = 5A5201C124BCD9E2002CC912 /* Build configuration list for PBXProject "Hurrey_Assignment" */;
			compatibilityVersion = "Xcode 9.3";
			developmentRegion = en;
			hasScannedForEncodings = 0;
			knownRegions = (
				en,
				Base,
			);
			mainGroup = 5A5201BD24BCD9E2002CC912;
			productRefGroup = 5A5201C724BCD9E2002CC912 /* Products */;
			projectDirPath = "";
			projectRoot = "";
			targets = (
				5A5201C524BCD9E2002CC912 /* Hurrey_Assignment */,
			);
		};
/* End PBXProject section */

/* Begin PBXResourcesBuildPhase section */
		5A5201C424BCD9E2002CC912 /* Resources */ = {
			isa = PBXResourcesBuildPhase;
			buildActionMask = 2147483647;
			files = (
				5A5201D624BCDA0C002CC912 /* LaunchScreen.storyboard in Resources */,
				5A5201D324BCDA0C002CC912 /* Assets.xcassets in Resources */,
				5A5201D124BCD9E3002CC912 /* Main.storyboard in Resources */,
			);
			runOnlyForDeploymentPostprocessing = 0;
		};
/* End PBXResourcesBuildPhase section */

/* Begin PBXShellScriptBuildPhase section */
		467E297E0A3AFDFC20B9964C /* [CP] Check Pods Manifest.lock */ = {
			isa = PBXShellScriptBuildPhase;
			buildActionMask = 2147483647;
			files = (
			);
			inputFileListPaths = (
			);
			inputPaths = (
				"${PODS_PODFILE_DIR_PATH}/Podfile.lock",
				"${PODS_ROOT}/Manifest.lock",
			);
			name = "[CP] Check Pods Manifest.lock";
			outputFileListPaths = (
			);
			outputPaths = (
				"$(DERIVED_FILE_DIR)/Pods-Hurrey_Assignment-checkManifestLockResult.txt",
			);
			runOnlyForDeploymentPostprocessing = 0;
			shellPath = /bin/sh;
			shellScript = "diff \"${PODS_PODFILE_DIR_PATH}/Podfile.lock\" \"${PODS_ROOT}/Manifest.lock\" > /dev/null\nif [ $? != 0 ] ; then\n    # print error to STDERR\n    echo \"error: The sandbox is not in sync with the Podfile.lock. Run 'pod install' or update your CocoaPods installation.\" >&2\n    exit 1\nfi\n# This output is used by Xcode 'outputs' to avoid re-running this script phase.\necho \"SUCCESS\" > \"${SCRIPT_OUTPUT_FILE_0}\"\n";
			showEnvVarsInLog = 0;
		};
		D456E7115FEF1F0C36C4637D /* [CP] Copy Pods Resources */ = {
			isa = PBXShellScriptBuildPhase;
			buildActionMask = 2147483647;
			files = (
			);
			inputFileListPaths = (
				"${PODS_ROOT}/Target Support Files/Pods-Hurrey_Assignment/Pods-Hurrey_Assignment-resources-${CONFIGURATION}-input-files.xcfilelist",
			);
			name = "[CP] Copy Pods Resources";
			outputFileListPaths = (
				"${PODS_ROOT}/Target Support Files/Pods-Hurrey_Assignment/Pods-Hurrey_Assignment-resources-${CONFIGURATION}-output-files.xcfilelist",
			);
			runOnlyForDeploymentPostprocessing = 0;
			shellPath = /bin/sh;
			shellScript = "\"${PODS_ROOT}/Target Support Files/Pods-Hurrey_Assignment/Pods-Hurrey_Assignment-resources.sh\"\n";
			showEnvVarsInLog = 0;
		};
/* End PBXShellScriptBuildPhase section */

/* Begin PBXSourcesBuildPhase section */
		5A5201C224BCD9E2002CC912 /* Sources */ = {
			isa = PBXSourcesBuildPhase;
			buildActionMask = 2147483647;
			files = (
				5A5201CE24BCD9E2002CC912 /* ViewController.swift in Sources */,
				5A5201E424BE22A7002CC912 /* StudentsListViewController.swift in Sources */,
				5A5201CA24BCD9E2002CC912 /* AppDelegate.swift in Sources */,
				5A5201DE24BCE9B7002CC912 /* ClassModel.swift in Sources */,
				5A5201E024BDB7B7002CC912 /* ClassModelTableViewCell.swift in Sources */,
				5A5201CC24BCD9E2002CC912 /* SceneDelegate.swift in Sources */,
				5A5201E224BE21D3002CC912 /* SchoolListTableViewCell.swift in Sources */,
				5A8D504424BEED5C00812100 /* MapViewController.swift in Sources */,
			);
			runOnlyForDeploymentPostprocessing = 0;
		};
/* End PBXSourcesBuildPhase section */

/* Begin PBXVariantGroup section */
		5A5201CF24BCD9E3002CC912 /* Main.storyboard */ = {
			isa = PBXVariantGroup;
			children = (
				5A5201D024BCD9E3002CC912 /* Base */,
			);
			name = Main.storyboard;
			sourceTree = "<group>";
		};
		5A5201D424BCDA0C002CC912 /* LaunchScreen.storyboard */ = {
			isa = PBXVariantGroup;
			children = (
				5A5201D524BCDA0C002CC912 /* Base */,
			);
			name = LaunchScreen.storyboard;
			sourceTree = "<group>";
		};
/* End PBXVariantGroup section */

/* Begin XCBuildConfiguration section */
		5A5201D824BCDA0C002CC912 /* Debug */ = {
			isa = XCBuildConfiguration;
			buildSettings = {
				ALWAYS_SEARCH_USER_PATHS = NO;
				CLANG_ANALYZER_NONNULL = YES;
				CLANG_ANALYZER_NUMBER_OBJECT_CONVERSION = YES_AGGRESSIVE;
				CLANG_CXX_LANGUAGE_STANDARD = "gnu++14";
				CLANG_CXX_LIBRARY = "libc++";
				CLANG_ENABLE_MODULES = YES;
				CLANG_ENABLE_OBJC_ARC = YES;
				CLANG_ENABLE_OBJC_WEAK = YES;
				CLANG_WARN_BLOCK_CAPTURE_AUTORELEASING = YES;
				CLANG_WARN_BOOL_CONVERSION = YES;
				CLANG_WARN_COMMA = YES;
				CLANG_WARN_CONSTANT_CONVERSION = YES;
				CLANG_WARN_DEPRECATED_OBJC_IMPLEMENTATIONS = YES;
				CLANG_WARN_DIRECT_OBJC_ISA_USAGE = YES_ERROR;
				CLANG_WARN_DOCUMENTATION_COMMENTS = YES;
				CLANG_WARN_EMPTY_BODY = YES;
				CLANG_WARN_ENUM_CONVERSION = YES;
				CLANG_WARN_INFINITE_RECURSION = YES;
				CLANG_WARN_INT_CONVERSION = YES;
				CLANG_WARN_NON_LITERAL_NULL_CONVERSION = YES;
				CLANG_WARN_OBJC_IMPLICIT_RETAIN_SELF = YES;
				CLANG_WARN_OBJC_LITERAL_CONVERSION = YES;
				CLANG_WARN_OBJC_ROOT_CLASS = YES_ERROR;
				CLANG_WARN_RANGE_LOOP_ANALYSIS = YES;
				CLANG_WARN_STRICT_PROTOTYPES = YES;
				CLANG_WARN_SUSPICIOUS_MOVE = YES;
				CLANG_WARN_UNGUARDED_AVAILABILITY = YES_AGGRESSIVE;
				CLANG_WARN_UNREACHABLE_CODE = YES;
				CLANG_WARN__DUPLICATE_METHOD_MATCH = YES;
				COPY_PHASE_STRIP = NO;
				DEBUG_INFORMATION_FORMAT = dwarf;
				ENABLE_STRICT_OBJC_MSGSEND = YES;
				ENABLE_TESTABILITY = YES;
				GCC_C_LANGUAGE_STANDARD = gnu11;
				GCC_DYNAMIC_NO_PIC = NO;
				GCC_NO_COMMON_BLOCKS = YES;
				GCC_OPTIMIZATION_LEVEL = 0;
				GCC_PREPROCESSOR_DEFINITIONS = (
					"DEBUG=1",
					"$(inherited)",
				);
				GCC_WARN_64_TO_32_BIT_CONVERSION = YES;
				GCC_WARN_ABOUT_RETURN_TYPE = YES_ERROR;
				GCC_WARN_UNDECLARED_SELECTOR = YES;
				GCC_WARN_UNINITIALIZED_AUTOS = YES_AGGRESSIVE;
				GCC_WARN_UNUSED_FUNCTION = YES;
				GCC_WARN_UNUSED_VARIABLE = YES;
				IPHONEOS_DEPLOYMENT_TARGET = 13.2;
				MTL_ENABLE_DEBUG_INFO = INCLUDE_SOURCE;
				MTL_FAST_MATH = YES;
				ONLY_ACTIVE_ARCH = YES;
				SDKROOT = iphoneos;
				SWIFT_ACTIVE_COMPILATION_CONDITIONS = DEBUG;
				SWIFT_OPTIMIZATION_LEVEL = "-Onone";
			};
			name = Debug;
		};
		5A5201D924BCDA0C002CC912 /* Release */ = {
			isa = XCBuildConfiguration;
			buildSettings = {
				ALWAYS_SEARCH_USER_PATHS = NO;
				CLANG_ANALYZER_NONNULL = YES;
				CLANG_ANALYZER_NUMBER_OBJECT_CONVERSION = YES_AGGRESSIVE;
				CLANG_CXX_LANGUAGE_STANDARD = "gnu++14";
				CLANG_CXX_LIBRARY = "libc++";
				CLANG_ENABLE_MODULES = YES;
				CLANG_ENABLE_OBJC_ARC = YES;
				CLANG_ENABLE_OBJC_WEAK = YES;
				CLANG_WARN_BLOCK_CAPTURE_AUTORELEASING = YES;
				CLANG_WARN_BOOL_CONVERSION = YES;
				CLANG_WARN_COMMA = YES;
				CLANG_WARN_CONSTANT_CONVERSION = YES;
				CLANG_WARN_DEPRECATED_OBJC_IMPLEMENTATIONS = YES;
				CLANG_WARN_DIRECT_OBJC_ISA_USAGE = YES_ERROR;
				CLANG_WARN_DOCUMENTATION_COMMENTS = YES;
				CLANG_WARN_EMPTY_BODY = YES;
				CLANG_WARN_ENUM_CONVERSION = YES;
				CLANG_WARN_INFINITE_RECURSION = YES;
				CLANG_WARN_INT_CONVERSION = YES;
				CLANG_WARN_NON_LITERAL_NULL_CONVERSION = YES;
				CLANG_WARN_OBJC_IMPLICIT_RETAIN_SELF = YES;
				CLANG_WARN_OBJC_LITERAL_CONVERSION = YES;
				CLANG_WARN_OBJC_ROOT_CLASS = YES_ERROR;
				CLANG_WARN_RANGE_LOOP_ANALYSIS = YES;
				CLANG_WARN_STRICT_PROTOTYPES = YES;
				CLANG_WARN_SUSPICIOUS_MOVE = YES;
				CLANG_WARN_UNGUARDED_AVAILABILITY = YES_AGGRESSIVE;
				CLANG_WARN_UNREACHABLE_CODE = YES;
				CLANG_WARN__DUPLICATE_METHOD_MATCH = YES;
				COPY_PHASE_STRIP = NO;
				DEBUG_INFORMATION_FORMAT = "dwarf-with-dsym";
				ENABLE_NS_ASSERTIONS = NO;
				ENABLE_STRICT_OBJC_MSGSEND = YES;
				GCC_C_LANGUAGE_STANDARD = gnu11;
				GCC_NO_COMMON_BLOCKS = YES;
				GCC_WARN_64_TO_32_BIT_CONVERSION = YES;
				GCC_WARN_ABOUT_RETURN_TYPE = YES_ERROR;
				GCC_WARN_UNDECLARED_SELECTOR = YES;
				GCC_WARN_UNINITIALIZED_AUTOS = YES_AGGRESSIVE;
				GCC_WARN_UNUSED_FUNCTION = YES;
				GCC_WARN_UNUSED_VARIABLE = YES;
				IPHONEOS_DEPLOYMENT_TARGET = 13.2;
				MTL_ENABLE_DEBUG_INFO = NO;
				MTL_FAST_MATH = YES;
				SDKROOT = iphoneos;
				SWIFT_COMPILATION_MODE = wholemodule;
				SWIFT_OPTIMIZATION_LEVEL = "-O";
				VALIDATE_PRODUCT = YES;
			};
			name = Release;
		};
		5A5201DB24BCDA0C002CC912 /* Debug */ = {
			isa = XCBuildConfiguration;
			baseConfigurationReference = 80467140226514B6188347C5 /* Pods-Hurrey_Assignment.debug.xcconfig */;
			buildSettings = {
				ASSETCATALOG_COMPILER_APPICON_NAME = AppIcon;
				CODE_SIGN_STYLE = Automatic;
				INFOPLIST_FILE = Hurrey_Assignment/Info.plist;
				LD_RUNPATH_SEARCH_PATHS = (
					"$(inherited)",
					"@executable_path/Frameworks",
				);
				PRODUCT_BUNDLE_IDENTIFIER = "Nuthan.Hurrey-Assignment";
				PRODUCT_NAME = "$(TARGET_NAME)";
				SWIFT_VERSION = 5.0;
				TARGETED_DEVICE_FAMILY = "1,2";
			};
			name = Debug;
		};
		5A5201DC24BCDA0C002CC912 /* Release */ = {
			isa = XCBuildConfiguration;
			baseConfigurationReference = EA325D6442D332233F20A905 /* Pods-Hurrey_Assignment.release.xcconfig */;
			buildSettings = {
				ASSETCATALOG_COMPILER_APPICON_NAME = AppIcon;
				CODE_SIGN_STYLE = Automatic;
				INFOPLIST_FILE = Hurrey_Assignment/Info.plist;
				LD_RUNPATH_SEARCH_PATHS = (
					"$(inherited)",
					"@executable_path/Frameworks",
				);
				PRODUCT_BUNDLE_IDENTIFIER = "Nuthan.Hurrey-Assignment";
				PRODUCT_NAME = "$(TARGET_NAME)";
				SWIFT_VERSION = 5.0;
				TARGETED_DEVICE_FAMILY = "1,2";
			};
			name = Release;
		};
/* End XCBuildConfiguration section */

/* Begin XCConfigurationList section */
		5A5201C124BCD9E2002CC912 /* Build configuration list for PBXProject "Hurrey_Assignment" */ = {
			isa = XCConfigurationList;
			buildConfigurations = (
				5A5201D824BCDA0C002CC912 /* Debug */,
				5A5201D924BCDA0C002CC912 /* Release */,
			);
			defaultConfigurationIsVisible = 0;
			defaultConfigurationName = Release;
		};
		5A5201DA24BCDA0C002CC912 /* Build configuration list for PBXNativeTarget "Hurrey_Assignment" */ = {
			isa = XCConfigurationList;
			buildConfigurations = (
				5A5201DB24BCDA0C002CC912 /* Debug */,
				5A5201DC24BCDA0C002CC912 /* Release */,
			);
			defaultConfigurationIsVisible = 0;
			defaultConfigurationName = Release;
		};
/* End XCConfigurationList section */
	};
	rootObject = 5A5201BE24BCD9E2002CC912 /* Project object */;
}
